
Microsoft Visual Studio Solution File, Format Version 12.00
# Visual Studio 2013
VisualStudioVersion = 12.0.30723.0
MinimumVisualStudioVersion = 10.0.40219.1
Project("{FAE04EC0-301F-11D3-BF4B-00C04F79EFBC}") = "MessageBoard", "MessageBoard\MessageBoard.csproj", "{3F1BC147-CC21-4753-95F4-0BD21EC32388}"
EndProject
Project("{FAE04EC0-301F-11D3-BF4B-00C04F79EFBC}") = "MessageBoard.Tests", "MessageBoard.Tests\MessageBoard.Tests.csproj", "{42C08E4F-01D0-4080-9E9C-012E5C2E2FCA}"
EndProject
Global
	GlobalSection(SolutionConfigurationPlatforms) = preSolution
		Debug|Any CPU = Debug|Any CPU
		Release|Any CPU = Release|Any CPU
	EndGlobalSection
	GlobalSection(ProjectConfigurationPlatforms) = postSolution
		{3F1BC147-CC21-4753-95F4-0BD21EC32388}.Debug|Any CPU.ActiveCfg = Debug|Any CPU
		{3F1BC147-CC21-4753-95F4-0BD21EC32388}.Debug|Any CPU.Build.0 = Debug|Any CPU
		{3F1BC147-CC21-4753-95F4-0BD21EC32388}.Release|Any CPU.ActiveCfg = Release|Any CPU
		{3F1BC147-CC21-4753-95F4-0BD21EC32388}.Release|Any CPU.Build.0 = Release|Any CPU
		{42C08E4F-01D0-4080-9E9C-012E5C2E2FCA}.Debug|Any CPU.ActiveCfg = Debug|Any CPU
		{42C08E4F-01D0-4080-9E9C-012E5C2E2FCA}.Debug|Any CPU.Build.0 = Debug|Any CPU
		{42C08E4F-01D0-4080-9E9C-012E5C2E2FCA}.Release|Any CPU.ActiveCfg = Release|Any CPU
		{42C08E4F-01D0-4080-9E9C-012E5C2E2FCA}.Release|Any CPU.Build.0 = Release|Any CPU
	EndGlobalSection
	GlobalSection(SolutionProperties) = preSolution
		HideSolutionNode = FALSE
	EndGlobalSection
EndGlobal
